// !$*UTF8*$!
{
	archiveVersion = 1;
	classes = {
	};
	objectVersion = 55;
	objects = {

/* Begin PBXBuildFile section */
		A8C2EE7227FC37B9008E5EFD /* SwiftUI_BootcampApp.swift in Sources */ = {isa = PBXBuildFile; fileRef = A8C2EE7127FC37B9008E5EFD /* SwiftUI_BootcampApp.swift */; };
		A8C2EE7427FC37B9008E5EFD /* ContentView.swift in Sources */ = {isa = PBXBuildFile; fileRef = A8C2EE7327FC37B9008E5EFD /* ContentView.swift */; };
		A8C2EE7627FC37BC008E5EFD /* Assets.xcassets in Resources */ = {isa = PBXBuildFile; fileRef = A8C2EE7527FC37BC008E5EFD /* Assets.xcassets */; };
		A8C2EE7927FC37BC008E5EFD /* Preview Assets.xcassets in Resources */ = {isa = PBXBuildFile; fileRef = A8C2EE7827FC37BC008E5EFD /* Preview Assets.xcassets */; };
		A8C2EE8027FC38AB008E5EFD /* LongPressGesture.swift in Sources */ = {isa = PBXBuildFile; fileRef = A8C2EE7F27FC38AB008E5EFD /* LongPressGesture.swift */; };
		A8C2EE8227FC4813008E5EFD /* MagnificationGesture.swift in Sources */ = {isa = PBXBuildFile; fileRef = A8C2EE8127FC4813008E5EFD /* MagnificationGesture.swift */; };
		A8C2EE8427FC4F2B008E5EFD /* RotationGestureView.swift in Sources */ = {isa = PBXBuildFile; fileRef = A8C2EE8327FC4F2B008E5EFD /* RotationGestureView.swift */; };
		A8D91E5F27FC73070084D59D /* DragGestureView.swift in Sources */ = {isa = PBXBuildFile; fileRef = A8D91E5E27FC73070084D59D /* DragGestureView.swift */; };
		A8D91E6127FC7B2C0084D59D /* DragGestureView2.swift in Sources */ = {isa = PBXBuildFile; fileRef = A8D91E6027FC7B2C0084D59D /* DragGestureView2.swift */; };
/* End PBXBuildFile section */

/* Begin PBXFileReference section */
		A8C2EE6E27FC37B9008E5EFD /* SwiftUI Bootcamp.app */ = {isa = PBXFileReference; explicitFileType = wrapper.application; includeInIndex = 0; path = "SwiftUI Bootcamp.app"; sourceTree = BUILT_PRODUCTS_DIR; };
		A8C2EE7127FC37B9008E5EFD /* SwiftUI_BootcampApp.swift */ = {isa = PBXFileReference; lastKnownFileType = sourcecode.swift; path = SwiftUI_BootcampApp.swift; sourceTree = "<group>"; };
		A8C2EE7327FC37B9008E5EFD /* ContentView.swift */ = {isa = PBXFileReference; lastKnownFileType = sourcecode.swift; path = ContentView.swift; sourceTree = "<group>"; };
		A8C2EE7527FC37BC008E5EFD /* Assets.xcassets */ = {isa = PBXFileReference; lastKnownFileType = folder.assetcatalog; path = Assets.xcassets; sourceTree = "<group>"; };
		A8C2EE7827FC37BC008E5EFD /* Preview Assets.xcassets */ = {isa = PBXFileReference; lastKnownFileType = folder.assetcatalog; path = "Preview Assets.xcassets"; sourceTree = "<group>"; };
		A8C2EE7F27FC38AB008E5EFD /* LongPressGesture.swift */ = {isa = PBXFileReference; lastKnownFileType = sourcecode.swift; path = LongPressGesture.swift; sourceTree = "<group>"; };
		A8C2EE8127FC4813008E5EFD /* MagnificationGesture.swift */ = {isa = PBXFileReference; lastKnownFileType = sourcecode.swift; path = MagnificationGesture.swift; sourceTree = "<group>"; };
		A8C2EE8327FC4F2B008E5EFD /* RotationGestureView.swift */ = {isa = PBXFileReference; lastKnownFileType = sourcecode.swift; path = RotationGestureView.swift; sourceTree = "<group>"; };
		A8D91E5E27FC73070084D59D /* DragGestureView.swift */ = {isa = PBXFileReference; lastKnownFileType = sourcecode.swift; path = DragGestureView.swift; sourceTree = "<group>"; };
		A8D91E6027FC7B2C0084D59D /* DragGestureView2.swift */ = {isa = PBXFileReference; lastKnownFileType = sourcecode.swift; path = DragGestureView2.swift; sourceTree = "<group>"; };
/* End PBXFileReference section */

/* Begin PBXFrameworksBuildPhase section */
		A8C2EE6B27FC37B9008E5EFD /* Frameworks */ = {
			isa = PBXFrameworksBuildPhase;
			buildActionMask = 2147483647;
			files = (
			);
			runOnlyForDeploymentPostprocessing = 0;
		};
/* End PBXFrameworksBuildPhase section */

/* Begin PBXGroup section */
		A8C2EE6527FC37B9008E5EFD = {
			isa = PBXGroup;
			children = (
				A8C2EE7027FC37B9008E5EFD /* SwiftUI Bootcamp */,
				A8C2EE6F27FC37B9008E5EFD /* Products */,
			);
			sourceTree = "<group>";
		};
		A8C2EE6F27FC37B9008E5EFD /* Products */ = {
			isa = PBXGroup;
			children = (
				A8C2EE6E27FC37B9008E5EFD /* SwiftUI Bootcamp.app */,
			);
			name = Products;
			sourceTree = "<group>";
		};
		A8C2EE7027FC37B9008E5EFD /* SwiftUI Bootcamp */ = {
			isa = PBXGroup;
			children = (
				A8C2EE7127FC37B9008E5EFD /* SwiftUI_BootcampApp.swift */,
				A8C2EE7327FC37B9008E5EFD /* ContentView.swift */,
				A8C2EE8527FC5188008E5EFD /* Views */,
				A8C2EE7527FC37BC008E5EFD /* Assets.xcassets */,
				A8C2EE7727FC37BC008E5EFD /* Preview Content */,
			);
			path = "SwiftUI Bootcamp";
			sourceTree = "<group>";
		};
		A8C2EE7727FC37BC008E5EFD /* Preview Content */ = {
			isa = PBXGroup;
			children = (
				A8C2EE7827FC37BC008E5EFD /* Preview Assets.xcassets */,
			);
			path = "Preview Content";
			sourceTree = "<group>";
		};
		A8C2EE8527FC5188008E5EFD /* Views */ = {
			isa = PBXGroup;
			children = (
				A8C2EE7F27FC38AB008E5EFD /* LongPressGesture.swift */,
				A8C2EE8127FC4813008E5EFD /* MagnificationGesture.swift */,
				A8C2EE8327FC4F2B008E5EFD /* RotationGestureView.swift */,
				A8D91E5E27FC73070084D59D /* DragGestureView.swift */,
				A8D91E6027FC7B2C0084D59D /* DragGestureView2.swift */,
			);
			path = Views;
			sourceTree = "<group>";
		};
/* End PBXGroup section */

/* Begin PBXNativeTarget section */
		A8C2EE6D27FC37B9008E5EFD /* SwiftUI Bootcamp */ = {
			isa = PBXNativeTarget;
			buildConfigurationList = A8C2EE7C27FC37BC008E5EFD /* Build configuration list for PBXNativeTarget "SwiftUI Bootcamp" */;
			buildPhases = (
				A8C2EE6A27FC37B9008E5EFD /* Sources */,
				A8C2EE6B27FC37B9008E5EFD /* Frameworks */,
				A8C2EE6C27FC37B9008E5EFD /* Resources */,
			);
			buildRules = (
			);
			dependencies = (
			);
			name = "SwiftUI Bootcamp";
			productName = "SwiftUI Bootcamp";
			productReference = A8C2EE6E27FC37B9008E5EFD /* SwiftUI Bootcamp.app */;
			productType = "com.apple.product-type.application";
		};
/* End PBXNativeTarget section */

/* Begin PBXProject section */
		A8C2EE6627FC37B9008E5EFD /* Project object */ = {
			isa = PBXProject;
			attributes = {
				BuildIndependentTargetsInParallel = 1;
				LastSwiftUpdateCheck = 1310;
				LastUpgradeCheck = 1310;
				TargetAttributes = {
					A8C2EE6D27FC37B9008E5EFD = {
						CreatedOnToolsVersion = 13.1;
					};
				};
			};
			buildConfigurationList = A8C2EE6927FC37B9008E5EFD /* Build configuration list for PBXProject "SwiftUI Bootcamp" */;
			compatibilityVersion = "Xcode 13.0";
			developmentRegion = en;
			hasScannedForEncodings = 0;
			knownRegions = (
				en,
				Base,
			);
			mainGroup = A8C2EE6527FC37B9008E5EFD;
			productRefGroup = A8C2EE6F27FC37B9008E5EFD /* Products */;
			projectDirPath = "";
			projectRoot = "";
			targets = (
				A8C2EE6D27FC37B9008E5EFD /* SwiftUI Bootcamp */,
			);
		};
/* End PBXProject section */

/* Begin PBXResourcesBuildPhase section */
		A8C2EE6C27FC37B9008E5EFD /* Resources */ = {
			isa = PBXResourcesBuildPhase;
			buildActionMask = 2147483647;
			files = (
				A8C2EE7927FC37BC008E5EFD /* Preview Assets.xcassets in Resources */,
				A8C2EE7627FC37BC008E5EFD /* Assets.xcassets in Resources */,
			);
			runOnlyForDeploymentPostprocessing = 0;
		};
/* End PBXResourcesBuildPhase section */

/* Begin PBXSourcesBuildPhase section */
		A8C2EE6A27FC37B9008E5EFD /* Sources */ = {
			isa = PBXSourcesBuildPhase;
			buildActionMask = 2147483647;
			files = (
				A8C2EE7427FC37B9008E5EFD /* ContentView.swift in Sources */,
				A8C2EE8427FC4F2B008E5EFD /* RotationGestureView.swift in Sources */,
				A8C2EE8227FC4813008E5EFD /* MagnificationGesture.swift in Sources */,
				A8C2EE7227FC37B9008E5EFD /* SwiftUI_BootcampApp.swift in Sources */,
				A8D91E6127FC7B2C0084D59D /* DragGestureView2.swift in Sources */,
				A8D91E5F27FC73070084D59D /* DragGestureView.swift in Sources */,
				A8C2EE8027FC38AB008E5EFD /* LongPressGesture.swift in Sources */,
			);
			runOnlyForDeploymentPostprocessing = 0;
		};
/* End PBXSourcesBuildPhase section */

/* Begin XCBuildConfiguration section */
		A8C2EE7A27FC37BC008E5EFD /* Debug */ = {
			isa = XCBuildConfiguration;
			buildSettings = {
				ALWAYS_SEARCH_USER_PATHS = NO;
				CLANG_ANALYZER_NONNULL = YES;
				CLANG_ANALYZER_NUMBER_OBJECT_CONVERSION = YES_AGGRESSIVE;
				CLANG_CXX_LANGUAGE_STANDARD = "gnu++17";
				CLANG_CXX_LIBRARY = "libc++";
				CLANG_ENABLE_MODULES = YES;
				CLANG_ENABLE_OBJC_ARC = YES;
				CLANG_ENABLE_OBJC_WEAK = YES;
				CLANG_WARN_BLOCK_CAPTURE_AUTORELEASING = YES;
				CLANG_WARN_BOOL_CONVERSION = YES;
				CLANG_WARN_COMMA = YES;
				CLANG_WARN_CONSTANT_CONVERSION = YES;
				CLANG_WARN_DEPRECATED_OBJC_IMPLEMENTATIONS = YES;
				CLANG_WARN_DIRECT_OBJC_ISA_USAGE = YES_ERROR;
				CLANG_WARN_DOCUMENTATION_COMMENTS = YES;
				CLANG_WARN_EMPTY_BODY = YES;
				CLANG_WARN_ENUM_CONVERSION = YES;
				CLANG_WARN_INFINITE_RECURSION = YES;
				CLANG_WARN_INT_CONVERSION = YES;
				CLANG_WARN_NON_LITERAL_NULL_CONVERSION = YES;
				CLANG_WARN_OBJC_IMPLICIT_RETAIN_SELF = YES;
				CLANG_WARN_OBJC_LITERAL_CONVERSION = YES;
				CLANG_WARN_OBJC_ROOT_CLASS = YES_ERROR;
				CLANG_WARN_QUOTED_INCLUDE_IN_FRAMEWORK_HEADER = YES;
				CLANG_WARN_RANGE_LOOP_ANALYSIS = YES;
				CLANG_WARN_STRICT_PROTOTYPES = YES;
				CLANG_WARN_SUSPICIOUS_MOVE = YES;
				CLANG_WARN_UNGUARDED_AVAILABILITY = YES_AGGRESSIVE;
				CLANG_WARN_UNREACHABLE_CODE = YES;
				CLANG_WARN__DUPLICATE_METHOD_MATCH = YES;
				COPY_PHASE_STRIP = NO;
				DEBUG_INFORMATION_FORMAT = dwarf;
				ENABLE_STRICT_OBJC_MSGSEND = YES;
				ENABLE_TESTABILITY = YES;
				GCC_C_LANGUAGE_STANDARD = gnu11;
				GCC_DYNAMIC_NO_PIC = NO;
				GCC_NO_COMMON_BLOCKS = YES;
				GCC_OPTIMIZATION_LEVEL = 0;
				GCC_PREPROCESSOR_DEFINITIONS = (
					"DEBUG=1",
					"$(inherited)",
				);
				GCC_WARN_64_TO_32_BIT_CONVERSION = YES;
				GCC_WARN_ABOUT_RETURN_TYPE = YES_ERROR;
				GCC_WARN_UNDECLARED_SELECTOR = YES;
				GCC_WARN_UNINITIALIZED_AUTOS = YES_AGGRESSIVE;
				GCC_WARN_UNUSED_FUNCTION = YES;
				GCC_WARN_UNUSED_VARIABLE = YES;
				IPHONEOS_DEPLOYMENT_TARGET = 15.0;
				MTL_ENABLE_DEBUG_INFO = INCLUDE_SOURCE;
				MTL_FAST_MATH = YES;
				ONLY_ACTIVE_ARCH = YES;
				SDKROOT = iphoneos;
				SWIFT_ACTIVE_COMPILATION_CONDITIONS = DEBUG;
				SWIFT_OPTIMIZATION_LEVEL = "-Onone";
			};
			name = Debug;
		};
		A8C2EE7B27FC37BC008E5EFD /* Release */ = {
			isa = XCBuildConfiguration;
			buildSettings = {
				ALWAYS_SEARCH_USER_PATHS = NO;
				CLANG_ANALYZER_NONNULL = YES;
				CLANG_ANALYZER_NUMBER_OBJECT_CONVERSION = YES_AGGRESSIVE;
				CLANG_CXX_LANGUAGE_STANDARD = "gnu++17";
				CLANG_CXX_LIBRARY = "libc++";
				CLANG_ENABLE_MODULES = YES;
				CLANG_ENABLE_OBJC_ARC = YES;
				CLANG_ENABLE_OBJC_WEAK = YES;
				CLANG_WARN_BLOCK_CAPTURE_AUTORELEASING = YES;
				CLANG_WARN_BOOL_CONVERSION = YES;
				CLANG_WARN_COMMA = YES;
				CLANG_WARN_CONSTANT_CONVERSION = YES;
				CLANG_WARN_DEPRECATED_OBJC_IMPLEMENTATIONS = YES;
				CLANG_WARN_DIRECT_OBJC_ISA_USAGE = YES_ERROR;
				CLANG_WARN_DOCUMENTATION_COMMENTS = YES;
				CLANG_WARN_EMPTY_BODY = YES;
				CLANG_WARN_ENUM_CONVERSION = YES;
				CLANG_WARN_INFINITE_RECURSION = YES;
				CLANG_WARN_INT_CONVERSION = YES;
				CLANG_WARN_NON_LITERAL_NULL_CONVERSION = YES;
				CLANG_WARN_OBJC_IMPLICIT_RETAIN_SELF = YES;
				CLANG_WARN_OBJC_LITERAL_CONVERSION = YES;
				CLANG_WARN_OBJC_ROOT_CLASS = YES_ERROR;
				CLANG_WARN_QUOTED_INCLUDE_IN_FRAMEWORK_HEADER = YES;
				CLANG_WARN_RANGE_LOOP_ANALYSIS = YES;
				CLANG_WARN_STRICT_PROTOTYPES = YES;
				CLANG_WARN_SUSPICIOUS_MOVE = YES;
				CLANG_WARN_UNGUARDED_AVAILABILITY = YES_AGGRESSIVE;
				CLANG_WARN_UNREACHABLE_CODE = YES;
				CLANG_WARN__DUPLICATE_METHOD_MATCH = YES;
				COPY_PHASE_STRIP = NO;
				DEBUG_INFORMATION_FORMAT = "dwarf-with-dsym";
				ENABLE_NS_ASSERTIONS = NO;
				ENABLE_STRICT_OBJC_MSGSEND = YES;
				GCC_C_LANGUAGE_STANDARD = gnu11;
				GCC_NO_COMMON_BLOCKS = YES;
				GCC_WARN_64_TO_32_BIT_CONVERSION = YES;
				GCC_WARN_ABOUT_RETURN_TYPE = YES_ERROR;
				GCC_WARN_UNDECLARED_SELECTOR = YES;
				GCC_WARN_UNINITIALIZED_AUTOS = YES_AGGRESSIVE;
				GCC_WARN_UNUSED_FUNCTION = YES;
				GCC_WARN_UNUSED_VARIABLE = YES;
				IPHONEOS_DEPLOYMENT_TARGET = 15.0;
				MTL_ENABLE_DEBUG_INFO = NO;
				MTL_FAST_MATH = YES;
				SDKROOT = iphoneos;
				SWIFT_COMPILATION_MODE = wholemodule;
				SWIFT_OPTIMIZATION_LEVEL = "-O";
				VALIDATE_PRODUCT = YES;
			};
			name = Release;
		};
		A8C2EE7D27FC37BC008E5EFD /* Debug */ = {
			isa = XCBuildConfiguration;
			buildSettings = {
				ASSETCATALOG_COMPILER_APPICON_NAME = AppIcon;
				ASSETCATALOG_COMPILER_GLOBAL_ACCENT_COLOR_NAME = AccentColor;
				CODE_SIGN_STYLE = Automatic;
				CURRENT_PROJECT_VERSION = 1;
				DEVELOPMENT_ASSET_PATHS = "\"SwiftUI Bootcamp/Preview Content\"";
				DEVELOPMENT_TEAM = WV8G99LA38;
				ENABLE_PREVIEWS = YES;
				GENERATE_INFOPLIST_FILE = YES;
				INFOPLIST_KEY_UIApplicationSceneManifest_Generation = YES;
				INFOPLIST_KEY_UIApplicationSupportsIndirectInputEvents = YES;
				INFOPLIST_KEY_UILaunchScreen_Generation = YES;
				INFOPLIST_KEY_UISupportedInterfaceOrientations_iPad = "UIInterfaceOrientationPortrait UIInterfaceOrientationPortraitUpsideDown UIInterfaceOrientationLandscapeLeft UIInterfaceOrientationLandscapeRight";
				INFOPLIST_KEY_UISupportedInterfaceOrientations_iPhone = "UIInterfaceOrientationPortrait UIInterfaceOrientationLandscapeLeft UIInterfaceOrientationLandscapeRight";
				LD_RUNPATH_SEARCH_PATHS = (
					"$(inherited)",
					"@executable_path/Frameworks",
				);
				MARKETING_VERSION = 1.0;
				PRODUCT_BUNDLE_IDENTIFIER = "Nizami-Tagiyev.SwiftUI-Bootcamp";
				PRODUCT_NAME = "$(TARGET_NAME)";
				SWIFT_EMIT_LOC_STRINGS = YES;
				SWIFT_VERSION = 5.0;
				TARGETED_DEVICE_FAMILY = "1,2";
			};
			name = Debug;
		};
		A8C2EE7E27FC37BC008E5EFD /* Release */ = {
			isa = XCBuildConfiguration;
			buildSettings = {
				ASSETCATALOG_COMPILER_APPICON_NAME = AppIcon;
				ASSETCATALOG_COMPILER_GLOBAL_ACCENT_COLOR_NAME = AccentColor;
				CODE_SIGN_STYLE = Automatic;
				CURRENT_PROJECT_VERSION = 1;
				DEVELOPMENT_ASSET_PATHS = "\"SwiftUI Bootcamp/Preview Content\"";
				DEVELOPMENT_TEAM = WV8G99LA38;
				ENABLE_PREVIEWS = YES;
				GENERATE_INFOPLIST_FILE = YES;
				INFOPLIST_KEY_UIApplicationSceneManifest_Generation = YES;
				INFOPLIST_KEY_UIApplicationSupportsIndirectInputEvents = YES;
				INFOPLIST_KEY_UILaunchScreen_Generation = YES;
				INFOPLIST_KEY_UISupportedInterfaceOrientations_iPad = "UIInterfaceOrientationPortrait UIInterfaceOrientationPortraitUpsideDown UIInterfaceOrientationLandscapeLeft UIInterfaceOrientationLandscapeRight";
				INFOPLIST_KEY_UISupportedInterfaceOrientations_iPhone = "UIInterfaceOrientationPortrait UIInterfaceOrientationLandscapeLeft UIInterfaceOrientationLandscapeRight";
				LD_RUNPATH_SEARCH_PATHS = (
					"$(inherited)",
					"@executable_path/Frameworks",
				);
				MARKETING_VERSION = 1.0;
				PRODUCT_BUNDLE_IDENTIFIER = "Nizami-Tagiyev.SwiftUI-Bootcamp";
				PRODUCT_NAME = "$(TARGET_NAME)";
				SWIFT_EMIT_LOC_STRINGS = YES;
				SWIFT_VERSION = 5.0;
				TARGETED_DEVICE_FAMILY = "1,2";
			};
			name = Release;
		};
/* End XCBuildConfiguration section */

/* Begin XCConfigurationList section */
		A8C2EE6927FC37B9008E5EFD /* Build configuration list for PBXProject "SwiftUI Bootcamp" */ = {
			isa = XCConfigurationList;
			buildConfigurations = (
				A8C2EE7A27FC37BC008E5EFD /* Debug */,
				A8C2EE7B27FC37BC008E5EFD /* Release */,
			);
			defaultConfigurationIsVisible = 0;
			defaultConfigurationName = Release;
		};
		A8C2EE7C27FC37BC008E5EFD /* Build configuration list for PBXNativeTarget "SwiftUI Bootcamp" */ = {
			isa = XCConfigurationList;
			buildConfigurations = (
				A8C2EE7D27FC37BC008E5EFD /* Debug */,
				A8C2EE7E27FC37BC008E5EFD /* Release */,
			);
			defaultConfigurationIsVisible = 0;
			defaultConfigurationName = Release;
		};
/* End XCConfigurationList section */
	};
	rootObject = A8C2EE6627FC37B9008E5EFD /* Project object */;
}
